
Microsoft Visual Studio Solution File, Format Version 12.00
# Visual Studio Version 16
VisualStudioVersion = 16.0.31410.357
MinimumVisualStudioVersion = 10.0.40219.1
Project("{FAE04EC0-301F-11D3-BF4B-00C04F79EFBC}") = "WebApplicationNewst", "WebApplicationNewst.csproj", "{38B27EC7-9FD0-423E-AA53-72C33FB74A3E}"
EndProject
Global
	GlobalSection(SolutionConfigurationPlatforms) = preSolution
		Debug|Any CPU = Debug|Any CPU
		Release|Any CPU = Release|Any CPU
	EndGlobalSection
	GlobalSection(ProjectConfigurationPlatforms) = postSolution
		{38B27EC7-9FD0-423E-AA53-72C33FB74A3E}.Debug|Any CPU.ActiveCfg = Debug|Any CPU
		{38B27EC7-9FD0-423E-AA53-72C33FB74A3E}.Debug|Any CPU.Build.0 = Debug|Any CPU
		{38B27EC7-9FD0-423E-AA53-72C33FB74A3E}.Release|Any CPU.ActiveCfg = Release|Any CPU
		{38B27EC7-9FD0-423E-AA53-72C33FB74A3E}.Release|Any CPU.Build.0 = Release|Any CPU
	EndGlobalSection
	GlobalSection(SolutionProperties) = preSolution
		HideSolutionNode = FALSE
	EndGlobalSection
	GlobalSection(ExtensibilityGlobals) = postSolution
		SolutionGuid = {1A5B935A-ABA6-4893-AAB8-2CBB065C0F57}
	EndGlobalSection
EndGlobal
